// !$*UTF8*$!
{
	archiveVersion = 1;
	classes = {
	};
	objectVersion = 51;
	objects = {

/* Begin PBXBuildFile section */
		0525B6B60D1B39B37F50CEA6 /* Pods_SmartEducation.framework in Frameworks */ = {isa = PBXBuildFile; fileRef = 2C4190D602A85DAAFE8D9B86 /* Pods_SmartEducation.framework */; };
		2E7275ACC09E4791079826DD /* Pods_SmartEducation_SmartEducationUITests.framework in Frameworks */ = {isa = PBXBuildFile; fileRef = 3E588DB1D335A043E94FD59A /* Pods_SmartEducation_SmartEducationUITests.framework */; };
		EA22D77B0331530C8D208BE3 /* Pods_SmartEducationTests.framework in Frameworks */ = {isa = PBXBuildFile; fileRef = 13FF87241E2987BB55DA9713 /* Pods_SmartEducationTests.framework */; };
		FA0919A125517C5D0097203E /* FieldsOfScienceViewController.swift in Sources */ = {isa = PBXBuildFile; fileRef = FA09199F25517C5D0097203E /* FieldsOfScienceViewController.swift */; };
		FA0919A225517C5D0097203E /* FieldsOfScienceViewController.xib in Resources */ = {isa = PBXBuildFile; fileRef = FA0919A025517C5D0097203E /* FieldsOfScienceViewController.xib */; };
		FA0919A825517CA20097203E /* FieldsOfScienceViewModel.swift in Sources */ = {isa = PBXBuildFile; fileRef = FA0919A725517CA20097203E /* FieldsOfScienceViewModel.swift */; };
		FA0919AF2551B5460097203E /* FieldOfScienceCollectionViewCell.swift in Sources */ = {isa = PBXBuildFile; fileRef = FA0919AD2551B5460097203E /* FieldOfScienceCollectionViewCell.swift */; };
		FA0919B02551B5460097203E /* FieldOfScienceCollectionViewCell.xib in Resources */ = {isa = PBXBuildFile; fileRef = FA0919AE2551B5460097203E /* FieldOfScienceCollectionViewCell.xib */; };
		FA0919B82551B6230097203E /* NSObjectExtensions.swift in Sources */ = {isa = PBXBuildFile; fileRef = FA0919B72551B6230097203E /* NSObjectExtensions.swift */; };
		FA0919C22551B91F0097203E /* ScienceListItem.swift in Sources */ = {isa = PBXBuildFile; fileRef = FA0919C12551B91F0097203E /* ScienceListItem.swift */; };
		FA0919C92551BF0F0097203E /* SciencesViewController.swift in Sources */ = {isa = PBXBuildFile; fileRef = FA0919C72551BF0F0097203E /* SciencesViewController.swift */; };
		FA0919CA2551BF0F0097203E /* SciencesViewController.xib in Resources */ = {isa = PBXBuildFile; fileRef = FA0919C82551BF0F0097203E /* SciencesViewController.xib */; };
		FA0919D22551BF480097203E /* SciencesViewModel.swift in Sources */ = {isa = PBXBuildFile; fileRef = FA0919D12551BF480097203E /* SciencesViewModel.swift */; };
		FA0919D72551BFC50097203E /* SpecificScienceViewModel.swift in Sources */ = {isa = PBXBuildFile; fileRef = FA0919D62551BFC50097203E /* SpecificScienceViewModel.swift */; };
		FA0919E12551C34D0097203E /* SpecificScienceViewController.swift in Sources */ = {isa = PBXBuildFile; fileRef = FA0919DF2551C34D0097203E /* SpecificScienceViewController.swift */; };
		FA0919E22551C34D0097203E /* SpecificScienceViewController.xib in Resources */ = {isa = PBXBuildFile; fileRef = FA0919E02551C34D0097203E /* SpecificScienceViewController.xib */; };
		FA0919EA2551D7270097203E /* UIColorExtensions.swift in Sources */ = {isa = PBXBuildFile; fileRef = FA0919E92551D7270097203E /* UIColorExtensions.swift */; };
		FA1619602562DECB00B825E7 /* ChatMessageInputView.swift in Sources */ = {isa = PBXBuildFile; fileRef = FA16195F2562DECB00B825E7 /* ChatMessageInputView.swift */; };
		FA1619652562DFB700B825E7 /* ChatMessageInputView.xib in Resources */ = {isa = PBXBuildFile; fileRef = FA1619642562DFB700B825E7 /* ChatMessageInputView.xib */; };
		FA1619702562F7AB00B825E7 /* MessageActionType.swift in Sources */ = {isa = PBXBuildFile; fileRef = FA16196F2562F7AB00B825E7 /* MessageActionType.swift */; };
		FA16197B2562FE7F00B825E7 /* VoiceRecognizionService.swift in Sources */ = {isa = PBXBuildFile; fileRef = FA16197A2562FE7F00B825E7 /* VoiceRecognizionService.swift */; };
		FA1619802563120E00B825E7 /* SpeechSynthesizerService.swift in Sources */ = {isa = PBXBuildFile; fileRef = FA16197F2563120E00B825E7 /* SpeechSynthesizerService.swift */; };
		FA2358592559AD0C00A627E1 /* VolumetricItem.swift in Sources */ = {isa = PBXBuildFile; fileRef = FA2358582559AD0C00A627E1 /* VolumetricItem.swift */; };
		FA2358612559B9D500A627E1 /* Colors.swift in Sources */ = {isa = PBXBuildFile; fileRef = FA2358602559B9D500A627E1 /* Colors.swift */; };
		FA2358672559C70200A627E1 /* VolumetricObjectCollectionViewCell.swift in Sources */ = {isa = PBXBuildFile; fileRef = FA2358652559C70200A627E1 /* VolumetricObjectCollectionViewCell.swift */; };
		FA2358682559C70200A627E1 /* VolumetricObjectCollectionViewCell.xib in Resources */ = {isa = PBXBuildFile; fileRef = FA2358662559C70200A627E1 /* VolumetricObjectCollectionViewCell.xib */; };
		FA23586D2559D63800A627E1 /* VolumetricObject.swift in Sources */ = {isa = PBXBuildFile; fileRef = FA23586C2559D63800A627E1 /* VolumetricObject.swift */; };
		FA2358782559F1A500A627E1 /* UIViewExtensions.swift in Sources */ = {isa = PBXBuildFile; fileRef = FA2358772559F1A500A627E1 /* UIViewExtensions.swift */; };
		FA235890255ADAFB00A627E1 /* VolumetricObjectSCNNode.swift in Sources */ = {isa = PBXBuildFile; fileRef = FA23588F255ADAFB00A627E1 /* VolumetricObjectSCNNode.swift */; };
		FA235895255B0B4A00A627E1 /* SceneNodeBuilder.swift in Sources */ = {isa = PBXBuildFile; fileRef = FA235894255B0B4A00A627E1 /* SceneNodeBuilder.swift */; };
		FA381E92256074CC0009B599 /* RotatableSCNNode.swift in Sources */ = {isa = PBXBuildFile; fileRef = FA381E91256074CC0009B599 /* RotatableSCNNode.swift */; };
		FA3CE25B2593749400E843F5 /* ContextMenuItem.swift in Sources */ = {isa = PBXBuildFile; fileRef = FA3CE25A2593749400E843F5 /* ContextMenuItem.swift */; };
		FA3CE2602593B56000E843F5 /* PagingResult.swift in Sources */ = {isa = PBXBuildFile; fileRef = FA3CE25F2593B56000E843F5 /* PagingResult.swift */; };
		FA3CE2652594CD0300E843F5 /* RealmExtensions.swift in Sources */ = {isa = PBXBuildFile; fileRef = FA3CE2642594CD0300E843F5 /* RealmExtensions.swift */; };
		FA3CE26A2594CE2700E843F5 /* ChatServiceProtocol.swift in Sources */ = {isa = PBXBuildFile; fileRef = FA3CE2692594CE2700E843F5 /* ChatServiceProtocol.swift */; };
		FA512685255568D40082DBFF /* ImageRecognitionViewController.swift in Sources */ = {isa = PBXBuildFile; fileRef = FA512683255568D40082DBFF /* ImageRecognitionViewController.swift */; };
		FA512686255568D40082DBFF /* ImageRecognitionViewController.xib in Resources */ = {isa = PBXBuildFile; fileRef = FA512684255568D40082DBFF /* ImageRecognitionViewController.xib */; };
		FA5218162555DD0E0012BAEE /* ConferenceViewController.swift in Sources */ = {isa = PBXBuildFile; fileRef = FA5218142555DD0E0012BAEE /* ConferenceViewController.swift */; };
		FA5218172555DD0E0012BAEE /* ConferenceViewController.xib in Resources */ = {isa = PBXBuildFile; fileRef = FA5218152555DD0E0012BAEE /* ConferenceViewController.xib */; };
		FA5286472552A0C100581987 /* StringExtensions.swift in Sources */ = {isa = PBXBuildFile; fileRef = FA5286462552A0C100581987 /* StringExtensions.swift */; };
		FA52864C2552F59200581987 /* TableViewWithTItleViewController.swift in Sources */ = {isa = PBXBuildFile; fileRef = FA52864B2552F59200581987 /* TableViewWithTItleViewController.swift */; };
		FA5286512552F94800581987 /* TableViewWithTitleViewModel.swift in Sources */ = {isa = PBXBuildFile; fileRef = FA5286502552F94800581987 /* TableViewWithTitleViewModel.swift */; };
		FA52A196254CBA0A0075DE9C /* BaseApiService.swift in Sources */ = {isa = PBXBuildFile; fileRef = FA52A195254CBA0A0075DE9C /* BaseApiService.swift */; };
		FA52A19B254CBF310075DE9C /* ErrorHandler.swift in Sources */ = {isa = PBXBuildFile; fileRef = FA52A19A254CBF310075DE9C /* ErrorHandler.swift */; };
		FA52A1A0254CC23D0075DE9C /* ApiErrorLogger.swift in Sources */ = {isa = PBXBuildFile; fileRef = FA52A19F254CC23D0075DE9C /* ApiErrorLogger.swift */; };
		FA6FE48125686A9E00324753 /* GlobalStyles.swift in Sources */ = {isa = PBXBuildFile; fileRef = FA6FE48025686A9E00324753 /* GlobalStyles.swift */; };
		FA7326852564198E003BD2B6 /* PulseAnimation.swift in Sources */ = {isa = PBXBuildFile; fileRef = FA7326842564198E003BD2B6 /* PulseAnimation.swift */; };
		FA73268A256434D2003BD2B6 /* ChatService.swift in Sources */ = {isa = PBXBuildFile; fileRef = FA732689256434D2003BD2B6 /* ChatService.swift */; };
		FA73268F25643F5A003BD2B6 /* StringResources.swift in Sources */ = {isa = PBXBuildFile; fileRef = FA73268E25643F5A003BD2B6 /* StringResources.swift */; };
		FA7326AA25646CF2003BD2B6 /* ChatViewController.swift in Sources */ = {isa = PBXBuildFile; fileRef = FA7326A825646CF2003BD2B6 /* ChatViewController.swift */; };
		FA7326B025646ECC003BD2B6 /* ChatViewModel.swift in Sources */ = {isa = PBXBuildFile; fileRef = FA7326AF25646ECC003BD2B6 /* ChatViewModel.swift */; };
		FA7F88D4258AA4C3005E7BC5 /* MessageDto.swift in Sources */ = {isa = PBXBuildFile; fileRef = FA7F88D3258AA4C3005E7BC5 /* MessageDto.swift */; };
		FA8F823A2587FA74006CFF94 /* MessageSender.swift in Sources */ = {isa = PBXBuildFile; fileRef = FA8F82392587FA74006CFF94 /* MessageSender.swift */; };
		FA8F823F2587FA97006CFF94 /* Message.swift in Sources */ = {isa = PBXBuildFile; fileRef = FA8F823E2587FA97006CFF94 /* Message.swift */; };
		FA8F827E25895BAD006CFF94 /* RepositoryProtocol.swift in Sources */ = {isa = PBXBuildFile; fileRef = FA8F827D25895BAD006CFF94 /* RepositoryProtocol.swift */; };
		FA8F828325895DF3006CFF94 /* BaseEntity.swift in Sources */ = {isa = PBXBuildFile; fileRef = FA8F828225895DF3006CFF94 /* BaseEntity.swift */; };
		FA8F828825895EE4006CFF94 /* Repository.swift in Sources */ = {isa = PBXBuildFile; fileRef = FA8F828725895EE4006CFF94 /* Repository.swift */; };
		FA8F828D258A5F16006CFF94 /* RealmResults.swift in Sources */ = {isa = PBXBuildFile; fileRef = FA8F828C258A5F16006CFF94 /* RealmResults.swift */; };
		FA904E6F25AA3C520028FDFB /* LoginViewController.swift in Sources */ = {isa = PBXBuildFile; fileRef = FA904E6E25AA3C520028FDFB /* LoginViewController.swift */; };
		FA904E7725AA3CB10028FDFB /* LoginViewModel.swift in Sources */ = {isa = PBXBuildFile; fileRef = FA904E7625AA3CB10028FDFB /* LoginViewModel.swift */; };
		FA904E7C25AA46760028FDFB /* CredantialsService.swift in Sources */ = {isa = PBXBuildFile; fileRef = FA904E7B25AA46760028FDFB /* CredantialsService.swift */; };
		FA904E8125AA4A1D0028FDFB /* CredantialsServiceProtocol.swift in Sources */ = {isa = PBXBuildFile; fileRef = FA904E8025AA4A1D0028FDFB /* CredantialsServiceProtocol.swift */; };
		FA904E8625AA4B2F0028FDFB /* AppUser.swift in Sources */ = {isa = PBXBuildFile; fileRef = FA904E8525AA4B2F0028FDFB /* AppUser.swift */; };
		FA904E8B25AA4D980028FDFB /* CacheHelper.swift in Sources */ = {isa = PBXBuildFile; fileRef = FA904E8A25AA4D980028FDFB /* CacheHelper.swift */; };
		FA904E9325AA57770028FDFB /* PageDialogService.swift in Sources */ = {isa = PBXBuildFile; fileRef = FA904E9225AA57770028FDFB /* PageDialogService.swift */; };
		FA904E9825AA57F80028FDFB /* PageDialogServiceProtocol.swift in Sources */ = {isa = PBXBuildFile; fileRef = FA904E9725AA57F80028FDFB /* PageDialogServiceProtocol.swift */; };
		FA904E9D25AB4B150028FDFB /* GoogleService-Info.plist in Resources */ = {isa = PBXBuildFile; fileRef = FA904E9C25AB4B150028FDFB /* GoogleService-Info.plist */; };
		FA9346052566FE9800BC67E8 /* ImageRecognitionViewModel.swift in Sources */ = {isa = PBXBuildFile; fileRef = FA9346042566FE9800BC67E8 /* ImageRecognitionViewModel.swift */; };
		FA93460A2567020E00BC67E8 /* ChatMessageInputViewDelegate.swift in Sources */ = {isa = PBXBuildFile; fileRef = FA9346092567020E00BC67E8 /* ChatMessageInputViewDelegate.swift */; };
		FA9DD901256F060E00760106 /* BaseViewController.swift in Sources */ = {isa = PBXBuildFile; fileRef = FA9DD900256F060E00760106 /* BaseViewController.swift */; };
		FA9DD9502570485000760106 /* logo.png in Resources */ = {isa = PBXBuildFile; fileRef = FA9DD94F2570485000760106 /* logo.png */; };
		FAA26C6025B1BE4300EC1C38 /* DiffType.swift in Sources */ = {isa = PBXBuildFile; fileRef = FAA26C5F25B1BE4300EC1C38 /* DiffType.swift */; };
		FAA26C6525B332E500EC1C38 /* UIButtonExtensions.swift in Sources */ = {isa = PBXBuildFile; fileRef = FAA26C6425B332E500EC1C38 /* UIButtonExtensions.swift */; };
		FAA43D01256E99410043467D /* VideoNode.swift in Sources */ = {isa = PBXBuildFile; fileRef = FAA43D00256E99410043467D /* VideoNode.swift */; };
		FAA43D09256EF0BB0043467D /* UIApplicationExtensions.swift in Sources */ = {isa = PBXBuildFile; fileRef = FAA43D08256EF0BB0043467D /* UIApplicationExtensions.swift */; };
		FABBD3A5254C336500CE45C5 /* URLRequestBuilder.swift in Sources */ = {isa = PBXBuildFile; fileRef = FABBD3A4254C336500CE45C5 /* URLRequestBuilder.swift */; };
		FABBD3AD254C33B500CE45C5 /* ApiConstants.swift in Sources */ = {isa = PBXBuildFile; fileRef = FABBD3AC254C33B500CE45C5 /* ApiConstants.swift */; };
		FAC35327255D6B5500F080EB /* ExtendedARSceneView.swift in Sources */ = {isa = PBXBuildFile; fileRef = FAC35326255D6B5500F080EB /* ExtendedARSceneView.swift */; };
		FACA545A25587A8500ACB158 /* VolumetricModeViewController.swift in Sources */ = {isa = PBXBuildFile; fileRef = FACA545825587A8500ACB158 /* VolumetricModeViewController.swift */; };
		FACA545B25587A8500ACB158 /* VolumetricModeViewController.xib in Resources */ = {isa = PBXBuildFile; fileRef = FACA545925587A8500ACB158 /* VolumetricModeViewController.xib */; };
		FACA546025587AA600ACB158 /* VolumetricModeViewModel.swift in Sources */ = {isa = PBXBuildFile; fileRef = FACA545F25587AA600ACB158 /* VolumetricModeViewModel.swift */; };
		FAD4F916259BC9B30001C172 /* Initializable.swift in Sources */ = {isa = PBXBuildFile; fileRef = FAD4F915259BC9B30001C172 /* Initializable.swift */; };
		FAD4F924259CDD380001C172 /* MessageKindExtensions.swift in Sources */ = {isa = PBXBuildFile; fileRef = FAD4F923259CDD380001C172 /* MessageKindExtensions.swift */; };
		FAE312C1253F21EA00CB73F8 /* AppDelegate.swift in Sources */ = {isa = PBXBuildFile; fileRef = FAE312C0253F21EA00CB73F8 /* AppDelegate.swift */; };
		FAE312C3253F21EA00CB73F8 /* art.scnassets in Resources */ = {isa = PBXBuildFile; fileRef = FAE312C2253F21EA00CB73F8 /* art.scnassets */; };
		FAE312CA253F21EB00CB73F8 /* Assets.xcassets in Resources */ = {isa = PBXBuildFile; fileRef = FAE312C9253F21EB00CB73F8 /* Assets.xcassets */; };
		FAE312CD253F21EB00CB73F8 /* LaunchScreen.storyboard in Resources */ = {isa = PBXBuildFile; fileRef = FAE312CB253F21EB00CB73F8 /* LaunchScreen.storyboard */; };
		FAE312D8253F21EB00CB73F8 /* SmartEducationTests.swift in Sources */ = {isa = PBXBuildFile; fileRef = FAE312D7253F21EB00CB73F8 /* SmartEducationTests.swift */; };
		FAE312E3253F21EB00CB73F8 /* SmartEducationUITests.swift in Sources */ = {isa = PBXBuildFile; fileRef = FAE312E2253F21EB00CB73F8 /* SmartEducationUITests.swift */; };
		FAEE679B2550869D00CD16B9 /* DIContainerConfigurator.swift in Sources */ = {isa = PBXBuildFile; fileRef = FAEE679A2550869D00CD16B9 /* DIContainerConfigurator.swift */; };
		FAEE67A0255086E800CD16B9 /* Router.swift in Sources */ = {isa = PBXBuildFile; fileRef = FAEE679F255086E800CD16B9 /* Router.swift */; };
		FAEE67A52550872400CD16B9 /* NavigatedToAware.swift in Sources */ = {isa = PBXBuildFile; fileRef = FAEE67A42550872400CD16B9 /* NavigatedToAware.swift */; };
		FAEE67AA2550874F00CD16B9 /* MVVMViewController.swift in Sources */ = {isa = PBXBuildFile; fileRef = FAEE67A92550874F00CD16B9 /* MVVMViewController.swift */; };
		FAFA0D31255EF8610018DD9A /* SolarSystem.swift in Sources */ = {isa = PBXBuildFile; fileRef = FAFA0D30255EF8610018DD9A /* SolarSystem.swift */; };
/* End PBXBuildFile section */

/* Begin PBXContainerItemProxy section */
		FAE312D4253F21EB00CB73F8 /* PBXContainerItemProxy */ = {
			isa = PBXContainerItemProxy;
			containerPortal = FAE312B5253F21EA00CB73F8 /* Project object */;
			proxyType = 1;
			remoteGlobalIDString = FAE312BC253F21EA00CB73F8;
			remoteInfo = SmartEducation;
		};
		FAE312DF253F21EB00CB73F8 /* PBXContainerItemProxy */ = {
			isa = PBXContainerItemProxy;
			containerPortal = FAE312B5253F21EA00CB73F8 /* Project object */;
			proxyType = 1;
			remoteGlobalIDString = FAE312BC253F21EA00CB73F8;
			remoteInfo = SmartEducation;
		};
/* End PBXContainerItemProxy section */

/* Begin PBXFileReference section */
		13FF87241E2987BB55DA9713 /* Pods_SmartEducationTests.framework */ = {isa = PBXFileReference; explicitFileType = wrapper.framework; includeInIndex = 0; path = Pods_SmartEducationTests.framework; sourceTree = BUILT_PRODUCTS_DIR; };
		2C4190D602A85DAAFE8D9B86 /* Pods_SmartEducation.framework */ = {isa = PBXFileReference; explicitFileType = wrapper.framework; includeInIndex = 0; path = Pods_SmartEducation.framework; sourceTree = BUILT_PRODUCTS_DIR; };
		2C9DC74B013389E9DD052916 /* Pods-SmartEducation.release.xcconfig */ = {isa = PBXFileReference; includeInIndex = 1; lastKnownFileType = text.xcconfig; name = "Pods-SmartEducation.release.xcconfig"; path = "Target Support Files/Pods-SmartEducation/Pods-SmartEducation.release.xcconfig"; sourceTree = "<group>"; };
		3E588DB1D335A043E94FD59A /* Pods_SmartEducation_SmartEducationUITests.framework */ = {isa = PBXFileReference; explicitFileType = wrapper.framework; includeInIndex = 0; path = Pods_SmartEducation_SmartEducationUITests.framework; sourceTree = BUILT_PRODUCTS_DIR; };
		4FEB7118D1870D7F03663CFD /* Pods-SmartEducation.debug.xcconfig */ = {isa = PBXFileReference; includeInIndex = 1; lastKnownFileType = text.xcconfig; name = "Pods-SmartEducation.debug.xcconfig"; path = "Target Support Files/Pods-SmartEducation/Pods-SmartEducation.debug.xcconfig"; sourceTree = "<group>"; };
		67357D8DD3E1496183DB499B /* Pods-SmartEducationTests.debug.xcconfig */ = {isa = PBXFileReference; includeInIndex = 1; lastKnownFileType = text.xcconfig; name = "Pods-SmartEducationTests.debug.xcconfig"; path = "Target Support Files/Pods-SmartEducationTests/Pods-SmartEducationTests.debug.xcconfig"; sourceTree = "<group>"; };
		983A730802E6226166BF0850 /* Pods-SmartEducationTests.release.xcconfig */ = {isa = PBXFileReference; includeInIndex = 1; lastKnownFileType = text.xcconfig; name = "Pods-SmartEducationTests.release.xcconfig"; path = "Target Support Files/Pods-SmartEducationTests/Pods-SmartEducationTests.release.xcconfig"; sourceTree = "<group>"; };
		9A5F12F63CD58BE9F9BB50C9 /* Pods-SmartEducation-SmartEducationUITests.release.xcconfig */ = {isa = PBXFileReference; includeInIndex = 1; lastKnownFileType = text.xcconfig; name = "Pods-SmartEducation-SmartEducationUITests.release.xcconfig"; path = "Target Support Files/Pods-SmartEducation-SmartEducationUITests/Pods-SmartEducation-SmartEducationUITests.release.xcconfig"; sourceTree = "<group>"; };
		F98A32ED199FF2C18670CB87 /* Pods-SmartEducation-SmartEducationUITests.debug.xcconfig */ = {isa = PBXFileReference; includeInIndex = 1; lastKnownFileType = text.xcconfig; name = "Pods-SmartEducation-SmartEducationUITests.debug.xcconfig"; path = "Target Support Files/Pods-SmartEducation-SmartEducationUITests/Pods-SmartEducation-SmartEducationUITests.debug.xcconfig"; sourceTree = "<group>"; };
		FA09199F25517C5D0097203E /* FieldsOfScienceViewController.swift */ = {isa = PBXFileReference; lastKnownFileType = sourcecode.swift; path = FieldsOfScienceViewController.swift; sourceTree = "<group>"; };
		FA0919A025517C5D0097203E /* FieldsOfScienceViewController.xib */ = {isa = PBXFileReference; lastKnownFileType = file.xib; path = FieldsOfScienceViewController.xib; sourceTree = "<group>"; };
		FA0919A725517CA20097203E /* FieldsOfScienceViewModel.swift */ = {isa = PBXFileReference; lastKnownFileType = sourcecode.swift; path = FieldsOfScienceViewModel.swift; sourceTree = "<group>"; };
		FA0919AD2551B5460097203E /* FieldOfScienceCollectionViewCell.swift */ = {isa = PBXFileReference; lastKnownFileType = sourcecode.swift; path = FieldOfScienceCollectionViewCell.swift; sourceTree = "<group>"; };
		FA0919AE2551B5460097203E /* FieldOfScienceCollectionViewCell.xib */ = {isa = PBXFileReference; lastKnownFileType = file.xib; path = FieldOfScienceCollectionViewCell.xib; sourceTree = "<group>"; };
		FA0919B72551B6230097203E /* NSObjectExtensions.swift */ = {isa = PBXFileReference; lastKnownFileType = sourcecode.swift; path = NSObjectExtensions.swift; sourceTree = "<group>"; };
		FA0919C12551B91F0097203E /* ScienceListItem.swift */ = {isa = PBXFileReference; lastKnownFileType = sourcecode.swift; path = ScienceListItem.swift; sourceTree = "<group>"; };
		FA0919C72551BF0F0097203E /* SciencesViewController.swift */ = {isa = PBXFileReference; lastKnownFileType = sourcecode.swift; path = SciencesViewController.swift; sourceTree = "<group>"; };
		FA0919C82551BF0F0097203E /* SciencesViewController.xib */ = {isa = PBXFileReference; lastKnownFileType = file.xib; path = SciencesViewController.xib; sourceTree = "<group>"; };
		FA0919D12551BF480097203E /* SciencesViewModel.swift */ = {isa = PBXFileReference; lastKnownFileType = sourcecode.swift; path = SciencesViewModel.swift; sourceTree = "<group>"; };
		FA0919D62551BFC50097203E /* SpecificScienceViewModel.swift */ = {isa = PBXFileReference; lastKnownFileType = sourcecode.swift; path = SpecificScienceViewModel.swift; sourceTree = "<group>"; };
		FA0919DF2551C34D0097203E /* SpecificScienceViewController.swift */ = {isa = PBXFileReference; lastKnownFileType = sourcecode.swift; path = SpecificScienceViewController.swift; sourceTree = "<group>"; };
		FA0919E02551C34D0097203E /* SpecificScienceViewController.xib */ = {isa = PBXFileReference; lastKnownFileType = file.xib; path = SpecificScienceViewController.xib; sourceTree = "<group>"; };
		FA0919E92551D7270097203E /* UIColorExtensions.swift */ = {isa = PBXFileReference; lastKnownFileType = sourcecode.swift; path = UIColorExtensions.swift; sourceTree = "<group>"; };
		FA16195F2562DECB00B825E7 /* ChatMessageInputView.swift */ = {isa = PBXFileReference; lastKnownFileType = sourcecode.swift; path = ChatMessageInputView.swift; sourceTree = "<group>"; };
		FA1619642562DFB700B825E7 /* ChatMessageInputView.xib */ = {isa = PBXFileReference; lastKnownFileType = file.xib; path = ChatMessageInputView.xib; sourceTree = "<group>"; };
		FA16196F2562F7AB00B825E7 /* MessageActionType.swift */ = {isa = PBXFileReference; lastKnownFileType = sourcecode.swift; path = MessageActionType.swift; sourceTree = "<group>"; };
		FA16197A2562FE7F00B825E7 /* VoiceRecognizionService.swift */ = {isa = PBXFileReference; fileEncoding = 4; lastKnownFileType = sourcecode.swift; path = VoiceRecognizionService.swift; sourceTree = "<group>"; };
		FA16197F2563120E00B825E7 /* SpeechSynthesizerService.swift */ = {isa = PBXFileReference; lastKnownFileType = sourcecode.swift; path = SpeechSynthesizerService.swift; sourceTree = "<group>"; };
		FA2358582559AD0C00A627E1 /* VolumetricItem.swift */ = {isa = PBXFileReference; lastKnownFileType = sourcecode.swift; path = VolumetricItem.swift; sourceTree = "<group>"; };
		FA2358602559B9D500A627E1 /* Colors.swift */ = {isa = PBXFileReference; lastKnownFileType = sourcecode.swift; path = Colors.swift; sourceTree = "<group>"; };
		FA2358652559C70200A627E1 /* VolumetricObjectCollectionViewCell.swift */ = {isa = PBXFileReference; lastKnownFileType = sourcecode.swift; path = VolumetricObjectCollectionViewCell.swift; sourceTree = "<group>"; };
		FA2358662559C70200A627E1 /* VolumetricObjectCollectionViewCell.xib */ = {isa = PBXFileReference; lastKnownFileType = file.xib; path = VolumetricObjectCollectionViewCell.xib; sourceTree = "<group>"; };
		FA23586C2559D63800A627E1 /* VolumetricObject.swift */ = {isa = PBXFileReference; lastKnownFileType = sourcecode.swift; path = VolumetricObject.swift; sourceTree = "<group>"; };
		FA2358772559F1A500A627E1 /* UIViewExtensions.swift */ = {isa = PBXFileReference; lastKnownFileType = sourcecode.swift; path = UIViewExtensions.swift; sourceTree = "<group>"; };
		FA23588F255ADAFB00A627E1 /* VolumetricObjectSCNNode.swift */ = {isa = PBXFileReference; lastKnownFileType = sourcecode.swift; path = VolumetricObjectSCNNode.swift; sourceTree = "<group>"; };
		FA235894255B0B4A00A627E1 /* SceneNodeBuilder.swift */ = {isa = PBXFileReference; lastKnownFileType = sourcecode.swift; path = SceneNodeBuilder.swift; sourceTree = "<group>"; };
		FA381E91256074CC0009B599 /* RotatableSCNNode.swift */ = {isa = PBXFileReference; lastKnownFileType = sourcecode.swift; path = RotatableSCNNode.swift; sourceTree = "<group>"; };
		FA3CE25A2593749400E843F5 /* ContextMenuItem.swift */ = {isa = PBXFileReference; lastKnownFileType = sourcecode.swift; path = ContextMenuItem.swift; sourceTree = "<group>"; };
		FA3CE25F2593B56000E843F5 /* PagingResult.swift */ = {isa = PBXFileReference; lastKnownFileType = sourcecode.swift; path = PagingResult.swift; sourceTree = "<group>"; };
		FA3CE2642594CD0300E843F5 /* RealmExtensions.swift */ = {isa = PBXFileReference; lastKnownFileType = sourcecode.swift; path = RealmExtensions.swift; sourceTree = "<group>"; };
		FA3CE2692594CE2700E843F5 /* ChatServiceProtocol.swift */ = {isa = PBXFileReference; lastKnownFileType = sourcecode.swift; path = ChatServiceProtocol.swift; sourceTree = "<group>"; };
		FA512683255568D40082DBFF /* ImageRecognitionViewController.swift */ = {isa = PBXFileReference; lastKnownFileType = sourcecode.swift; path = ImageRecognitionViewController.swift; sourceTree = "<group>"; };
		FA512684255568D40082DBFF /* ImageRecognitionViewController.xib */ = {isa = PBXFileReference; lastKnownFileType = file.xib; path = ImageRecognitionViewController.xib; sourceTree = "<group>"; };
		FA5218142555DD0E0012BAEE /* ConferenceViewController.swift */ = {isa = PBXFileReference; lastKnownFileType = sourcecode.swift; path = ConferenceViewController.swift; sourceTree = "<group>"; };
		FA5218152555DD0E0012BAEE /* ConferenceViewController.xib */ = {isa = PBXFileReference; lastKnownFileType = file.xib; path = ConferenceViewController.xib; sourceTree = "<group>"; };
		FA5286462552A0C100581987 /* StringExtensions.swift */ = {isa = PBXFileReference; lastKnownFileType = sourcecode.swift; path = StringExtensions.swift; sourceTree = "<group>"; };
		FA52864B2552F59200581987 /* TableViewWithTItleViewController.swift */ = {isa = PBXFileReference; lastKnownFileType = sourcecode.swift; path = TableViewWithTItleViewController.swift; sourceTree = "<group>"; };
		FA5286502552F94800581987 /* TableViewWithTitleViewModel.swift */ = {isa = PBXFileReference; lastKnownFileType = sourcecode.swift; path = TableViewWithTitleViewModel.swift; sourceTree = "<group>"; };
		FA52A195254CBA0A0075DE9C /* BaseApiService.swift */ = {isa = PBXFileReference; lastKnownFileType = sourcecode.swift; path = BaseApiService.swift; sourceTree = "<group>"; };
		FA52A19A254CBF310075DE9C /* ErrorHandler.swift */ = {isa = PBXFileReference; lastKnownFileType = sourcecode.swift; path = ErrorHandler.swift; sourceTree = "<group>"; };
		FA52A19F254CC23D0075DE9C /* ApiErrorLogger.swift */ = {isa = PBXFileReference; lastKnownFileType = sourcecode.swift; path = ApiErrorLogger.swift; sourceTree = "<group>"; };
		FA6FE48025686A9E00324753 /* GlobalStyles.swift */ = {isa = PBXFileReference; lastKnownFileType = sourcecode.swift; path = GlobalStyles.swift; sourceTree = "<group>"; };
		FA7326842564198E003BD2B6 /* PulseAnimation.swift */ = {isa = PBXFileReference; lastKnownFileType = sourcecode.swift; path = PulseAnimation.swift; sourceTree = "<group>"; };
		FA732689256434D2003BD2B6 /* ChatService.swift */ = {isa = PBXFileReference; lastKnownFileType = sourcecode.swift; path = ChatService.swift; sourceTree = "<group>"; };
		FA73268E25643F5A003BD2B6 /* StringResources.swift */ = {isa = PBXFileReference; lastKnownFileType = sourcecode.swift; path = StringResources.swift; sourceTree = "<group>"; };
		FA7326A825646CF2003BD2B6 /* ChatViewController.swift */ = {isa = PBXFileReference; lastKnownFileType = sourcecode.swift; path = ChatViewController.swift; sourceTree = "<group>"; };
		FA7326AF25646ECC003BD2B6 /* ChatViewModel.swift */ = {isa = PBXFileReference; lastKnownFileType = sourcecode.swift; path = ChatViewModel.swift; sourceTree = "<group>"; };
		FA7F88D3258AA4C3005E7BC5 /* MessageDto.swift */ = {isa = PBXFileReference; lastKnownFileType = sourcecode.swift; path = MessageDto.swift; sourceTree = "<group>"; };
		FA8F82392587FA74006CFF94 /* MessageSender.swift */ = {isa = PBXFileReference; lastKnownFileType = sourcecode.swift; path = MessageSender.swift; sourceTree = "<group>"; };
		FA8F823E2587FA97006CFF94 /* Message.swift */ = {isa = PBXFileReference; lastKnownFileType = sourcecode.swift; path = Message.swift; sourceTree = "<group>"; };
		FA8F827D25895BAD006CFF94 /* RepositoryProtocol.swift */ = {isa = PBXFileReference; lastKnownFileType = sourcecode.swift; path = RepositoryProtocol.swift; sourceTree = "<group>"; };
		FA8F828225895DF3006CFF94 /* BaseEntity.swift */ = {isa = PBXFileReference; lastKnownFileType = sourcecode.swift; path = BaseEntity.swift; sourceTree = "<group>"; };
		FA8F828725895EE4006CFF94 /* Repository.swift */ = {isa = PBXFileReference; lastKnownFileType = sourcecode.swift; path = Repository.swift; sourceTree = "<group>"; };
		FA8F828C258A5F16006CFF94 /* RealmResults.swift */ = {isa = PBXFileReference; lastKnownFileType = sourcecode.swift; path = RealmResults.swift; sourceTree = "<group>"; };
		FA904E6E25AA3C520028FDFB /* LoginViewController.swift */ = {isa = PBXFileReference; lastKnownFileType = sourcecode.swift; path = LoginViewController.swift; sourceTree = "<group>"; };
		FA904E7625AA3CB10028FDFB /* LoginViewModel.swift */ = {isa = PBXFileReference; lastKnownFileType = sourcecode.swift; path = LoginViewModel.swift; sourceTree = "<group>"; };
		FA904E7B25AA46760028FDFB /* CredantialsService.swift */ = {isa = PBXFileReference; lastKnownFileType = sourcecode.swift; path = CredantialsService.swift; sourceTree = "<group>"; };
		FA904E8025AA4A1D0028FDFB /* CredantialsServiceProtocol.swift */ = {isa = PBXFileReference; lastKnownFileType = sourcecode.swift; path = CredantialsServiceProtocol.swift; sourceTree = "<group>"; };
		FA904E8525AA4B2F0028FDFB /* AppUser.swift */ = {isa = PBXFileReference; lastKnownFileType = sourcecode.swift; path = AppUser.swift; sourceTree = "<group>"; };
		FA904E8A25AA4D980028FDFB /* CacheHelper.swift */ = {isa = PBXFileReference; lastKnownFileType = sourcecode.swift; path = CacheHelper.swift; sourceTree = "<group>"; };
		FA904E9225AA57770028FDFB /* PageDialogService.swift */ = {isa = PBXFileReference; lastKnownFileType = sourcecode.swift; path = PageDialogService.swift; sourceTree = "<group>"; };
		FA904E9725AA57F80028FDFB /* PageDialogServiceProtocol.swift */ = {isa = PBXFileReference; lastKnownFileType = sourcecode.swift; path = PageDialogServiceProtocol.swift; sourceTree = "<group>"; };
		FA904E9C25AB4B150028FDFB /* GoogleService-Info.plist */ = {isa = PBXFileReference; fileEncoding = 4; lastKnownFileType = text.plist.xml; path = "GoogleService-Info.plist"; sourceTree = "<group>"; };
		FA9346042566FE9800BC67E8 /* ImageRecognitionViewModel.swift */ = {isa = PBXFileReference; lastKnownFileType = sourcecode.swift; path = ImageRecognitionViewModel.swift; sourceTree = "<group>"; };
		FA9346092567020E00BC67E8 /* ChatMessageInputViewDelegate.swift */ = {isa = PBXFileReference; lastKnownFileType = sourcecode.swift; path = ChatMessageInputViewDelegate.swift; sourceTree = "<group>"; };
		FA9DD900256F060E00760106 /* BaseViewController.swift */ = {isa = PBXFileReference; lastKnownFileType = sourcecode.swift; path = BaseViewController.swift; sourceTree = "<group>"; };
		FA9DD94F2570485000760106 /* logo.png */ = {isa = PBXFileReference; lastKnownFileType = image.png; path = logo.png; sourceTree = "<group>"; };
		FAA26C5F25B1BE4300EC1C38 /* DiffType.swift */ = {isa = PBXFileReference; lastKnownFileType = sourcecode.swift; path = DiffType.swift; sourceTree = "<group>"; };
		FAA26C6425B332E500EC1C38 /* UIButtonExtensions.swift */ = {isa = PBXFileReference; lastKnownFileType = sourcecode.swift; path = UIButtonExtensions.swift; sourceTree = "<group>"; };
		FAA43D00256E99410043467D /* VideoNode.swift */ = {isa = PBXFileReference; lastKnownFileType = sourcecode.swift; path = VideoNode.swift; sourceTree = "<group>"; };
		FAA43D08256EF0BB0043467D /* UIApplicationExtensions.swift */ = {isa = PBXFileReference; lastKnownFileType = sourcecode.swift; path = UIApplicationExtensions.swift; sourceTree = "<group>"; };
		FABBD3A4254C336500CE45C5 /* URLRequestBuilder.swift */ = {isa = PBXFileReference; lastKnownFileType = sourcecode.swift; path = URLRequestBuilder.swift; sourceTree = "<group>"; };
		FABBD3AC254C33B500CE45C5 /* ApiConstants.swift */ = {isa = PBXFileReference; lastKnownFileType = sourcecode.swift; path = ApiConstants.swift; sourceTree = "<group>"; };
		FAC35326255D6B5500F080EB /* ExtendedARSceneView.swift */ = {isa = PBXFileReference; lastKnownFileType = sourcecode.swift; path = ExtendedARSceneView.swift; sourceTree = "<group>"; };
		FACA545825587A8500ACB158 /* VolumetricModeViewController.swift */ = {isa = PBXFileReference; lastKnownFileType = sourcecode.swift; path = VolumetricModeViewController.swift; sourceTree = "<group>"; };
		FACA545925587A8500ACB158 /* VolumetricModeViewController.xib */ = {isa = PBXFileReference; lastKnownFileType = file.xib; path = VolumetricModeViewController.xib; sourceTree = "<group>"; };
		FACA545F25587AA600ACB158 /* VolumetricModeViewModel.swift */ = {isa = PBXFileReference; lastKnownFileType = sourcecode.swift; path = VolumetricModeViewModel.swift; sourceTree = "<group>"; };
		FAD4F915259BC9B30001C172 /* Initializable.swift */ = {isa = PBXFileReference; lastKnownFileType = sourcecode.swift; path = Initializable.swift; sourceTree = "<group>"; };
		FAD4F923259CDD380001C172 /* MessageKindExtensions.swift */ = {isa = PBXFileReference; lastKnownFileType = sourcecode.swift; path = MessageKindExtensions.swift; sourceTree = "<group>"; };
		FAE312BD253F21EA00CB73F8 /* SmartEducation.app */ = {isa = PBXFileReference; explicitFileType = wrapper.application; includeInIndex = 0; path = SmartEducation.app; sourceTree = BUILT_PRODUCTS_DIR; };
		FAE312C0253F21EA00CB73F8 /* AppDelegate.swift */ = {isa = PBXFileReference; lastKnownFileType = sourcecode.swift; path = AppDelegate.swift; sourceTree = "<group>"; };
		FAE312C2253F21EA00CB73F8 /* art.scnassets */ = {isa = PBXFileReference; lastKnownFileType = wrapper.scnassets; path = art.scnassets; sourceTree = "<group>"; };
		FAE312C9253F21EB00CB73F8 /* Assets.xcassets */ = {isa = PBXFileReference; lastKnownFileType = folder.assetcatalog; path = Assets.xcassets; sourceTree = "<group>"; };
		FAE312CC253F21EB00CB73F8 /* Base */ = {isa = PBXFileReference; lastKnownFileType = file.storyboard; name = Base; path = Base.lproj/LaunchScreen.storyboard; sourceTree = "<group>"; };
		FAE312CE253F21EB00CB73F8 /* Info.plist */ = {isa = PBXFileReference; lastKnownFileType = text.plist.xml; path = Info.plist; sourceTree = "<group>"; };
		FAE312D3253F21EB00CB73F8 /* SmartEducationTests.xctest */ = {isa = PBXFileReference; explicitFileType = wrapper.cfbundle; includeInIndex = 0; path = SmartEducationTests.xctest; sourceTree = BUILT_PRODUCTS_DIR; };
		FAE312D7253F21EB00CB73F8 /* SmartEducationTests.swift */ = {isa = PBXFileReference; lastKnownFileType = sourcecode.swift; path = SmartEducationTests.swift; sourceTree = "<group>"; };
		FAE312D9253F21EB00CB73F8 /* Info.plist */ = {isa = PBXFileReference; lastKnownFileType = text.plist.xml; path = Info.plist; sourceTree = "<group>"; };
		FAE312DE253F21EB00CB73F8 /* SmartEducationUITests.xctest */ = {isa = PBXFileReference; explicitFileType = wrapper.cfbundle; includeInIndex = 0; path = SmartEducationUITests.xctest; sourceTree = BUILT_PRODUCTS_DIR; };
		FAE312E2253F21EB00CB73F8 /* SmartEducationUITests.swift */ = {isa = PBXFileReference; lastKnownFileType = sourcecode.swift; path = SmartEducationUITests.swift; sourceTree = "<group>"; };
		FAE312E4253F21EB00CB73F8 /* Info.plist */ = {isa = PBXFileReference; lastKnownFileType = text.plist.xml; path = Info.plist; sourceTree = "<group>"; };
		FAEE679A2550869D00CD16B9 /* DIContainerConfigurator.swift */ = {isa = PBXFileReference; lastKnownFileType = sourcecode.swift; path = DIContainerConfigurator.swift; sourceTree = "<group>"; };
		FAEE679F255086E800CD16B9 /* Router.swift */ = {isa = PBXFileReference; lastKnownFileType = sourcecode.swift; path = Router.swift; sourceTree = "<group>"; };
		FAEE67A42550872400CD16B9 /* NavigatedToAware.swift */ = {isa = PBXFileReference; lastKnownFileType = sourcecode.swift; path = NavigatedToAware.swift; sourceTree = "<group>"; };
		FAEE67A92550874F00CD16B9 /* MVVMViewController.swift */ = {isa = PBXFileReference; lastKnownFileType = sourcecode.swift; path = MVVMViewController.swift; sourceTree = "<group>"; };
		FAFA0D30255EF8610018DD9A /* SolarSystem.swift */ = {isa = PBXFileReference; lastKnownFileType = sourcecode.swift; path = SolarSystem.swift; sourceTree = "<group>"; };
/* End PBXFileReference section */

/* Begin PBXFrameworksBuildPhase section */
		FAE312BA253F21EA00CB73F8 /* Frameworks */ = {
			isa = PBXFrameworksBuildPhase;
			buildActionMask = 2147483647;
			files = (
				0525B6B60D1B39B37F50CEA6 /* Pods_SmartEducation.framework in Frameworks */,
			);
			runOnlyForDeploymentPostprocessing = 0;
		};
		FAE312D0253F21EB00CB73F8 /* Frameworks */ = {
			isa = PBXFrameworksBuildPhase;
			buildActionMask = 2147483647;
			files = (
				EA22D77B0331530C8D208BE3 /* Pods_SmartEducationTests.framework in Frameworks */,
			);
			runOnlyForDeploymentPostprocessing = 0;
		};
		FAE312DB253F21EB00CB73F8 /* Frameworks */ = {
			isa = PBXFrameworksBuildPhase;
			buildActionMask = 2147483647;
			files = (
				2E7275ACC09E4791079826DD /* Pods_SmartEducation_SmartEducationUITests.framework in Frameworks */,
			);
			runOnlyForDeploymentPostprocessing = 0;
		};
/* End PBXFrameworksBuildPhase section */

/* Begin PBXGroup section */
		E0469CEB3444840A55ABF4C6 /* Frameworks */ = {
			isa = PBXGroup;
			children = (
				2C4190D602A85DAAFE8D9B86 /* Pods_SmartEducation.framework */,
				3E588DB1D335A043E94FD59A /* Pods_SmartEducation_SmartEducationUITests.framework */,
				13FF87241E2987BB55DA9713 /* Pods_SmartEducationTests.framework */,
			);
			name = Frameworks;
			sourceTree = "<group>";
		};
		E6535402CF0DF12802BEFC2F /* Pods */ = {
			isa = PBXGroup;
			children = (
				4FEB7118D1870D7F03663CFD /* Pods-SmartEducation.debug.xcconfig */,
				2C9DC74B013389E9DD052916 /* Pods-SmartEducation.release.xcconfig */,
				F98A32ED199FF2C18670CB87 /* Pods-SmartEducation-SmartEducationUITests.debug.xcconfig */,
				9A5F12F63CD58BE9F9BB50C9 /* Pods-SmartEducation-SmartEducationUITests.release.xcconfig */,
				67357D8DD3E1496183DB499B /* Pods-SmartEducationTests.debug.xcconfig */,
				983A730802E6226166BF0850 /* Pods-SmartEducationTests.release.xcconfig */,
			);
			path = Pods;
			sourceTree = "<group>";
		};
		FA09199E25517BFE0097203E /* FieldsOfScience */ = {
			isa = PBXGroup;
			children = (
				FA09199F25517C5D0097203E /* FieldsOfScienceViewController.swift */,
				FA0919A025517C5D0097203E /* FieldsOfScienceViewController.xib */,
			);
			path = FieldsOfScience;
			sourceTree = "<group>";
		};
		FA0919AC2551B4A00097203E /* Cells */ = {
			isa = PBXGroup;
			children = (
				FA0919AD2551B5460097203E /* FieldOfScienceCollectionViewCell.swift */,
				FA0919AE2551B5460097203E /* FieldOfScienceCollectionViewCell.xib */,
				FA2358652559C70200A627E1 /* VolumetricObjectCollectionViewCell.swift */,
				FA2358662559C70200A627E1 /* VolumetricObjectCollectionViewCell.xib */,
			);
			path = Cells;
			sourceTree = "<group>";
		};
		FA0919C62551BE170097203E /* Sciences */ = {
			isa = PBXGroup;
			children = (
				FA0919C72551BF0F0097203E /* SciencesViewController.swift */,
				FA0919C82551BF0F0097203E /* SciencesViewController.xib */,
			);
			path = Sciences;
			sourceTree = "<group>";
		};
		FA0919DE2551C3330097203E /* SpecificScience */ = {
			isa = PBXGroup;
			children = (
				FA0919DF2551C34D0097203E /* SpecificScienceViewController.swift */,
				FA0919E02551C34D0097203E /* SpecificScienceViewController.xib */,
			);
			path = SpecificScience;
			sourceTree = "<group>";
		};
		FA2358572559ACE700A627E1 /* Enums */ = {
			isa = PBXGroup;
			children = (
				FA2358582559AD0C00A627E1 /* VolumetricItem.swift */,
				FA16196F2562F7AB00B825E7 /* MessageActionType.swift */,
				FAA26C5F25B1BE4300EC1C38 /* DiffType.swift */,
			);
			path = Enums;
			sourceTree = "<group>";
		};
		FA512682255564B00082DBFF /* ImageRecognition */ = {
			isa = PBXGroup;
			children = (
				FA512683255568D40082DBFF /* ImageRecognitionViewController.swift */,
				FA512684255568D40082DBFF /* ImageRecognitionViewController.xib */,
			);
			path = ImageRecognition;
			sourceTree = "<group>";
		};
		FA5218132555DCED0012BAEE /* Conference */ = {
			isa = PBXGroup;
			children = (
				FA5218142555DD0E0012BAEE /* ConferenceViewController.swift */,
				FA5218152555DD0E0012BAEE /* ConferenceViewController.xib */,
			);
			path = Conference;
			sourceTree = "<group>";
		};
		FA52A1B3254CC7C90075DE9C /* Core */ = {
			isa = PBXGroup;
			children = (
				FABBD3A4254C336500CE45C5 /* URLRequestBuilder.swift */,
				FABBD3AC254C33B500CE45C5 /* ApiConstants.swift */,
				FA52A195254CBA0A0075DE9C /* BaseApiService.swift */,
				FA52A19A254CBF310075DE9C /* ErrorHandler.swift */,
				FA52A19F254CC23D0075DE9C /* ApiErrorLogger.swift */,
			);
			path = Core;
			sourceTree = "<group>";
		};
		FA52A1B4254CC8210075DE9C /* Models */ = {
			isa = PBXGroup;
			children = (
				FA8F828225895DF3006CFF94 /* BaseEntity.swift */,
				FA0919C12551B91F0097203E /* ScienceListItem.swift */,
				FA23586C2559D63800A627E1 /* VolumetricObject.swift */,
				FA8F82392587FA74006CFF94 /* MessageSender.swift */,
				FA8F823E2587FA97006CFF94 /* Message.swift */,
				FA7F88D3258AA4C3005E7BC5 /* MessageDto.swift */,
				FA3CE25A2593749400E843F5 /* ContextMenuItem.swift */,
				FA3CE25F2593B56000E843F5 /* PagingResult.swift */,
				FA904E8525AA4B2F0028FDFB /* AppUser.swift */,
			);
			path = Models;
			sourceTree = "<group>";
		};
		FA52A1B5254CC84B0075DE9C /* ApiServices */ = {
			isa = PBXGroup;
			children = (
			);
			path = ApiServices;
			sourceTree = "<group>";
		};
		FA52A1B6254CC86D0075DE9C /* ViewModels */ = {
			isa = PBXGroup;
			children = (
				FA0919A725517CA20097203E /* FieldsOfScienceViewModel.swift */,
				FA0919D12551BF480097203E /* SciencesViewModel.swift */,
				FA0919D62551BFC50097203E /* SpecificScienceViewModel.swift */,
				FA5286502552F94800581987 /* TableViewWithTitleViewModel.swift */,
				FACA545F25587AA600ACB158 /* VolumetricModeViewModel.swift */,
				FA7326AF25646ECC003BD2B6 /* ChatViewModel.swift */,
				FA9346042566FE9800BC67E8 /* ImageRecognitionViewModel.swift */,
				FA904E7625AA3CB10028FDFB /* LoginViewModel.swift */,
			);
			path = ViewModels;
			sourceTree = "<group>";
		};
		FA52A1B7254CC8770075DE9C /* Extensions */ = {
			isa = PBXGroup;
			children = (
				FA0919B72551B6230097203E /* NSObjectExtensions.swift */,
				FA0919E92551D7270097203E /* UIColorExtensions.swift */,
				FA5286462552A0C100581987 /* StringExtensions.swift */,
				FA2358772559F1A500A627E1 /* UIViewExtensions.swift */,
				FAA43D08256EF0BB0043467D /* UIApplicationExtensions.swift */,
				FA8F828C258A5F16006CFF94 /* RealmResults.swift */,
				FA3CE2642594CD0300E843F5 /* RealmExtensions.swift */,
				FAD4F923259CDD380001C172 /* MessageKindExtensions.swift */,
				FAA26C6425B332E500EC1C38 /* UIButtonExtensions.swift */,
			);
			path = Extensions;
			sourceTree = "<group>";
		};
		FA52A1B8254CC87F0075DE9C /* Utils */ = {
			isa = PBXGroup;
			children = (
				FA8F828725895EE4006CFF94 /* Repository.swift */,
				FA16197A2562FE7F00B825E7 /* VoiceRecognizionService.swift */,
				FA235894255B0B4A00A627E1 /* SceneNodeBuilder.swift */,
				FA16197F2563120E00B825E7 /* SpeechSynthesizerService.swift */,
				FA732689256434D2003BD2B6 /* ChatService.swift */,
				FA6FE48025686A9E00324753 /* GlobalStyles.swift */,
				FA904E7B25AA46760028FDFB /* CredantialsService.swift */,
				FA904E8A25AA4D980028FDFB /* CacheHelper.swift */,
				FA904E9225AA57770028FDFB /* PageDialogService.swift */,
			);
			path = Utils;
			sourceTree = "<group>";
		};
		FA52A1B9254CC88F0075DE9C /* Views */ = {
			isa = PBXGroup;
			children = (
				FA0919AC2551B4A00097203E /* Cells */,
				FA52A1C0254CC9700075DE9C /* Storyboards */,
				FA52A1BB254CC8B70075DE9C /* Pages */,
				FA52A1BA254CC8AA0075DE9C /* CustomControls */,
			);
			path = Views;
			sourceTree = "<group>";
		};
		FA52A1BA254CC8AA0075DE9C /* CustomControls */ = {
			isa = PBXGroup;
			children = (
				FA23588F255ADAFB00A627E1 /* VolumetricObjectSCNNode.swift */,
				FAC35326255D6B5500F080EB /* ExtendedARSceneView.swift */,
				FAFA0D30255EF8610018DD9A /* SolarSystem.swift */,
				FA381E91256074CC0009B599 /* RotatableSCNNode.swift */,
				FA16195F2562DECB00B825E7 /* ChatMessageInputView.swift */,
				FA1619642562DFB700B825E7 /* ChatMessageInputView.xib */,
				FA7326842564198E003BD2B6 /* PulseAnimation.swift */,
				FAA43D00256E99410043467D /* VideoNode.swift */,
			);
			path = CustomControls;
			sourceTree = "<group>";
		};
		FA52A1BB254CC8B70075DE9C /* Pages */ = {
			isa = PBXGroup;
			children = (
				FA904E6D25AA3C000028FDFB /* Login */,
				FA7326A725646CCF003BD2B6 /* Chat */,
				FACA545725587A3600ACB158 /* VolumetricObjects */,
				FACA544025586B6700ACB158 /* Base */,
				FA5218132555DCED0012BAEE /* Conference */,
				FA512682255564B00082DBFF /* ImageRecognition */,
				FA0919DE2551C3330097203E /* SpecificScience */,
				FA0919C62551BE170097203E /* Sciences */,
				FA09199E25517BFE0097203E /* FieldsOfScience */,
			);
			path = Pages;
			sourceTree = "<group>";
		};
		FA52A1BC254CC8F20075DE9C /* Resources */ = {
			isa = PBXGroup;
			children = (
				FA9DD94F2570485000760106 /* logo.png */,
				FA2358602559B9D500A627E1 /* Colors.swift */,
				FA73268E25643F5A003BD2B6 /* StringResources.swift */,
			);
			path = Resources;
			sourceTree = "<group>";
		};
		FA52A1C0254CC9700075DE9C /* Storyboards */ = {
			isa = PBXGroup;
			children = (
				FAE312CB253F21EB00CB73F8 /* LaunchScreen.storyboard */,
			);
			path = Storyboards;
			sourceTree = "<group>";
		};
		FA7326A725646CCF003BD2B6 /* Chat */ = {
			isa = PBXGroup;
			children = (
				FA7326A825646CF2003BD2B6 /* ChatViewController.swift */,
			);
			path = Chat;
			sourceTree = "<group>";
		};
		FA904E6D25AA3C000028FDFB /* Login */ = {
			isa = PBXGroup;
			children = (
				FA904E6E25AA3C520028FDFB /* LoginViewController.swift */,
			);
			path = Login;
			sourceTree = "<group>";
		};
		FABBD3A3254C333C00CE45C5 /* Networking */ = {
			isa = PBXGroup;
			children = (
				FA52A1B5254CC84B0075DE9C /* ApiServices */,
				FA52A1B3254CC7C90075DE9C /* Core */,
			);
			path = Networking;
			sourceTree = "<group>";
		};
		FAC3532E255D6C6600F080EB /* Protocols */ = {
			isa = PBXGroup;
			children = (
				FA8F827D25895BAD006CFF94 /* RepositoryProtocol.swift */,
				FA3CE2692594CE2700E843F5 /* ChatServiceProtocol.swift */,
				FA9346092567020E00BC67E8 /* ChatMessageInputViewDelegate.swift */,
				FAD4F915259BC9B30001C172 /* Initializable.swift */,
				FA904E8025AA4A1D0028FDFB /* CredantialsServiceProtocol.swift */,
				FA904E9725AA57F80028FDFB /* PageDialogServiceProtocol.swift */,
			);
			path = Protocols;
			sourceTree = "<group>";
		};
		FACA544025586B6700ACB158 /* Base */ = {
			isa = PBXGroup;
			children = (
				FA52864B2552F59200581987 /* TableViewWithTItleViewController.swift */,
				FA9DD900256F060E00760106 /* BaseViewController.swift */,
			);
			path = Base;
			sourceTree = "<group>";
		};
		FACA545725587A3600ACB158 /* VolumetricObjects */ = {
			isa = PBXGroup;
			children = (
				FACA545825587A8500ACB158 /* VolumetricModeViewController.swift */,
				FACA545925587A8500ACB158 /* VolumetricModeViewController.xib */,
			);
			path = VolumetricObjects;
			sourceTree = "<group>";
		};
		FAE312B4253F21EA00CB73F8 = {
			isa = PBXGroup;
			children = (
				FAE312BF253F21EA00CB73F8 /* SmartEducation */,
				FAE312D6253F21EB00CB73F8 /* SmartEducationTests */,
				FAE312E1253F21EB00CB73F8 /* SmartEducationUITests */,
				FAE312BE253F21EA00CB73F8 /* Products */,
				E6535402CF0DF12802BEFC2F /* Pods */,
				E0469CEB3444840A55ABF4C6 /* Frameworks */,
			);
			sourceTree = "<group>";
		};
		FAE312BE253F21EA00CB73F8 /* Products */ = {
			isa = PBXGroup;
			children = (
				FAE312BD253F21EA00CB73F8 /* SmartEducation.app */,
				FAE312D3253F21EB00CB73F8 /* SmartEducationTests.xctest */,
				FAE312DE253F21EB00CB73F8 /* SmartEducationUITests.xctest */,
			);
			name = Products;
			sourceTree = "<group>";
		};
		FAE312BF253F21EA00CB73F8 /* SmartEducation */ = {
			isa = PBXGroup;
			children = (
				FAC3532E255D6C6600F080EB /* Protocols */,
				FA2358572559ACE700A627E1 /* Enums */,
				FAEE67992550868100CD16B9 /* Navigation */,
				FA52A1BC254CC8F20075DE9C /* Resources */,
				FA52A1B9254CC88F0075DE9C /* Views */,
				FA52A1B8254CC87F0075DE9C /* Utils */,
				FA52A1B7254CC8770075DE9C /* Extensions */,
				FA52A1B6254CC86D0075DE9C /* ViewModels */,
				FA52A1B4254CC8210075DE9C /* Models */,
				FABBD3A3254C333C00CE45C5 /* Networking */,
				FAE312CE253F21EB00CB73F8 /* Info.plist */,
				FA904E9C25AB4B150028FDFB /* GoogleService-Info.plist */,
				FAE312C9253F21EB00CB73F8 /* Assets.xcassets */,
				FAE312C2253F21EA00CB73F8 /* art.scnassets */,
				FAE312C0253F21EA00CB73F8 /* AppDelegate.swift */,
			);
			path = SmartEducation;
			sourceTree = "<group>";
		};
		FAE312D6253F21EB00CB73F8 /* SmartEducationTests */ = {
			isa = PBXGroup;
			children = (
				FAE312D7253F21EB00CB73F8 /* SmartEducationTests.swift */,
				FAE312D9253F21EB00CB73F8 /* Info.plist */,
			);
			path = SmartEducationTests;
			sourceTree = "<group>";
		};
		FAE312E1253F21EB00CB73F8 /* SmartEducationUITests */ = {
			isa = PBXGroup;
			children = (
				FAE312E2253F21EB00CB73F8 /* SmartEducationUITests.swift */,
				FAE312E4253F21EB00CB73F8 /* Info.plist */,
			);
			path = SmartEducationUITests;
			sourceTree = "<group>";
		};
		FAEE67992550868100CD16B9 /* Navigation */ = {
			isa = PBXGroup;
			children = (
				FAEE679A2550869D00CD16B9 /* DIContainerConfigurator.swift */,
				FAEE679F255086E800CD16B9 /* Router.swift */,
				FAEE67A42550872400CD16B9 /* NavigatedToAware.swift */,
				FAEE67A92550874F00CD16B9 /* MVVMViewController.swift */,
			);
			path = Navigation;
			sourceTree = "<group>";
		};
/* End PBXGroup section */

/* Begin PBXNativeTarget section */
		FAE312BC253F21EA00CB73F8 /* SmartEducation */ = {
			isa = PBXNativeTarget;
			buildConfigurationList = FAE312E7253F21EB00CB73F8 /* Build configuration list for PBXNativeTarget "SmartEducation" */;
			buildPhases = (
				EB520D16D4DA65B60DCF29E5 /* [CP] Check Pods Manifest.lock */,
				FABDA9BA254B5D1600936B99 /* ShellScript */,
				FAE312B9253F21EA00CB73F8 /* Sources */,
				FAE312BA253F21EA00CB73F8 /* Frameworks */,
				FAE312BB253F21EA00CB73F8 /* Resources */,
				2CFDD8F55F1A76C5E130D6D0 /* [CP] Embed Pods Frameworks */,
			);
			buildRules = (
			);
			dependencies = (
			);
			name = SmartEducation;
			productName = SmartEducation;
			productReference = FAE312BD253F21EA00CB73F8 /* SmartEducation.app */;
			productType = "com.apple.product-type.application";
		};
		FAE312D2253F21EB00CB73F8 /* SmartEducationTests */ = {
			isa = PBXNativeTarget;
			buildConfigurationList = FAE312EA253F21EB00CB73F8 /* Build configuration list for PBXNativeTarget "SmartEducationTests" */;
			buildPhases = (
				15331B611271F4EF4EB7CEFB /* [CP] Check Pods Manifest.lock */,
				FAE312CF253F21EB00CB73F8 /* Sources */,
				FAE312D0253F21EB00CB73F8 /* Frameworks */,
				FAE312D1253F21EB00CB73F8 /* Resources */,
			);
			buildRules = (
			);
			dependencies = (
				FAE312D5253F21EB00CB73F8 /* PBXTargetDependency */,
			);
			name = SmartEducationTests;
			productName = SmartEducationTests;
			productReference = FAE312D3253F21EB00CB73F8 /* SmartEducationTests.xctest */;
			productType = "com.apple.product-type.bundle.unit-test";
		};
		FAE312DD253F21EB00CB73F8 /* SmartEducationUITests */ = {
			isa = PBXNativeTarget;
			buildConfigurationList = FAE312ED253F21EB00CB73F8 /* Build configuration list for PBXNativeTarget "SmartEducationUITests" */;
			buildPhases = (
				D1E7811A6AF5E10960F88428 /* [CP] Check Pods Manifest.lock */,
				FAE312DA253F21EB00CB73F8 /* Sources */,
				FAE312DB253F21EB00CB73F8 /* Frameworks */,
				FAE312DC253F21EB00CB73F8 /* Resources */,
				BBEB910D6DDC77704A919E3E /* [CP] Embed Pods Frameworks */,
			);
			buildRules = (
			);
			dependencies = (
				FAE312E0253F21EB00CB73F8 /* PBXTargetDependency */,
			);
			name = SmartEducationUITests;
			productName = SmartEducationUITests;
			productReference = FAE312DE253F21EB00CB73F8 /* SmartEducationUITests.xctest */;
			productType = "com.apple.product-type.bundle.ui-testing";
		};
/* End PBXNativeTarget section */

/* Begin PBXProject section */
		FAE312B5253F21EA00CB73F8 /* Project object */ = {
			isa = PBXProject;
			attributes = {
				LastSwiftUpdateCheck = 1200;
				LastUpgradeCheck = 1200;
				TargetAttributes = {
					FAE312BC253F21EA00CB73F8 = {
						CreatedOnToolsVersion = 12.0.1;
					};
					FAE312D2253F21EB00CB73F8 = {
						CreatedOnToolsVersion = 12.0.1;
						TestTargetID = FAE312BC253F21EA00CB73F8;
					};
					FAE312DD253F21EB00CB73F8 = {
						CreatedOnToolsVersion = 12.0.1;
						TestTargetID = FAE312BC253F21EA00CB73F8;
					};
				};
			};
			buildConfigurationList = FAE312B8253F21EA00CB73F8 /* Build configuration list for PBXProject "SmartEducation" */;
			compatibilityVersion = "Xcode 9.3";
			developmentRegion = en;
			hasScannedForEncodings = 0;
			knownRegions = (
				en,
				Base,
			);
			mainGroup = FAE312B4253F21EA00CB73F8;
			productRefGroup = FAE312BE253F21EA00CB73F8 /* Products */;
			projectDirPath = "";
			projectRoot = "";
			targets = (
				FAE312BC253F21EA00CB73F8 /* SmartEducation */,
				FAE312D2253F21EB00CB73F8 /* SmartEducationTests */,
				FAE312DD253F21EB00CB73F8 /* SmartEducationUITests */,
			);
		};
/* End PBXProject section */

/* Begin PBXResourcesBuildPhase section */
		FAE312BB253F21EA00CB73F8 /* Resources */ = {
			isa = PBXResourcesBuildPhase;
			buildActionMask = 2147483647;
			files = (
				FA0919B02551B5460097203E /* FieldOfScienceCollectionViewCell.xib in Resources */,
				FA0919E22551C34D0097203E /* SpecificScienceViewController.xib in Resources */,
				FA2358682559C70200A627E1 /* VolumetricObjectCollectionViewCell.xib in Resources */,
				FA9DD9502570485000760106 /* logo.png in Resources */,
				FAE312C3253F21EA00CB73F8 /* art.scnassets in Resources */,
				FA0919A225517C5D0097203E /* FieldsOfScienceViewController.xib in Resources */,
				FA1619652562DFB700B825E7 /* ChatMessageInputView.xib in Resources */,
				FAE312CD253F21EB00CB73F8 /* LaunchScreen.storyboard in Resources */,
				FACA545B25587A8500ACB158 /* VolumetricModeViewController.xib in Resources */,
				FAE312CA253F21EB00CB73F8 /* Assets.xcassets in Resources */,
				FA904E9D25AB4B150028FDFB /* GoogleService-Info.plist in Resources */,
				FA512686255568D40082DBFF /* ImageRecognitionViewController.xib in Resources */,
				FA0919CA2551BF0F0097203E /* SciencesViewController.xib in Resources */,
				FA5218172555DD0E0012BAEE /* ConferenceViewController.xib in Resources */,
			);
			runOnlyForDeploymentPostprocessing = 0;
		};
		FAE312D1253F21EB00CB73F8 /* Resources */ = {
			isa = PBXResourcesBuildPhase;
			buildActionMask = 2147483647;
			files = (
			);
			runOnlyForDeploymentPostprocessing = 0;
		};
		FAE312DC253F21EB00CB73F8 /* Resources */ = {
			isa = PBXResourcesBuildPhase;
			buildActionMask = 2147483647;
			files = (
			);
			runOnlyForDeploymentPostprocessing = 0;
		};
/* End PBXResourcesBuildPhase section */

/* Begin PBXShellScriptBuildPhase section */
		15331B611271F4EF4EB7CEFB /* [CP] Check Pods Manifest.lock */ = {
			isa = PBXShellScriptBuildPhase;
			buildActionMask = 2147483647;
			files = (
			);
			inputFileListPaths = (
			);
			inputPaths = (
				"${PODS_PODFILE_DIR_PATH}/Podfile.lock",
				"${PODS_ROOT}/Manifest.lock",
			);
			name = "[CP] Check Pods Manifest.lock";
			outputFileListPaths = (
			);
			outputPaths = (
				"$(DERIVED_FILE_DIR)/Pods-SmartEducationTests-checkManifestLockResult.txt",
			);
			runOnlyForDeploymentPostprocessing = 0;
			shellPath = /bin/sh;
			shellScript = "diff \"${PODS_PODFILE_DIR_PATH}/Podfile.lock\" \"${PODS_ROOT}/Manifest.lock\" > /dev/null\nif [ $? != 0 ] ; then\n    # print error to STDERR\n    echo \"error: The sandbox is not in sync with the Podfile.lock. Run 'pod install' or update your CocoaPods installation.\" >&2\n    exit 1\nfi\n# This output is used by Xcode 'outputs' to avoid re-running this script phase.\necho \"SUCCESS\" > \"${SCRIPT_OUTPUT_FILE_0}\"\n";
			showEnvVarsInLog = 0;
		};
		2CFDD8F55F1A76C5E130D6D0 /* [CP] Embed Pods Frameworks */ = {
			isa = PBXShellScriptBuildPhase;
			buildActionMask = 2147483647;
			files = (
			);
			inputFileListPaths = (
				"${PODS_ROOT}/Target Support Files/Pods-SmartEducation/Pods-SmartEducation-frameworks-${CONFIGURATION}-input-files.xcfilelist",
			);
			name = "[CP] Embed Pods Frameworks";
			outputFileListPaths = (
				"${PODS_ROOT}/Target Support Files/Pods-SmartEducation/Pods-SmartEducation-frameworks-${CONFIGURATION}-output-files.xcfilelist",
			);
			runOnlyForDeploymentPostprocessing = 0;
			shellPath = /bin/sh;
			shellScript = "\"${PODS_ROOT}/Target Support Files/Pods-SmartEducation/Pods-SmartEducation-frameworks.sh\"\n";
			showEnvVarsInLog = 0;
		};
		BBEB910D6DDC77704A919E3E /* [CP] Embed Pods Frameworks */ = {
			isa = PBXShellScriptBuildPhase;
			buildActionMask = 2147483647;
			files = (
			);
			inputFileListPaths = (
				"${PODS_ROOT}/Target Support Files/Pods-SmartEducation-SmartEducationUITests/Pods-SmartEducation-SmartEducationUITests-frameworks-${CONFIGURATION}-input-files.xcfilelist",
			);
			name = "[CP] Embed Pods Frameworks";
			outputFileListPaths = (
				"${PODS_ROOT}/Target Support Files/Pods-SmartEducation-SmartEducationUITests/Pods-SmartEducation-SmartEducationUITests-frameworks-${CONFIGURATION}-output-files.xcfilelist",
			);
			runOnlyForDeploymentPostprocessing = 0;
			shellPath = /bin/sh;
			shellScript = "\"${PODS_ROOT}/Target Support Files/Pods-SmartEducation-SmartEducationUITests/Pods-SmartEducation-SmartEducationUITests-frameworks.sh\"\n";
			showEnvVarsInLog = 0;
		};
		D1E7811A6AF5E10960F88428 /* [CP] Check Pods Manifest.lock */ = {
			isa = PBXShellScriptBuildPhase;
			buildActionMask = 2147483647;
			files = (
			);
			inputFileListPaths = (
			);
			inputPaths = (
				"${PODS_PODFILE_DIR_PATH}/Podfile.lock",
				"${PODS_ROOT}/Manifest.lock",
			);
			name = "[CP] Check Pods Manifest.lock";
			outputFileListPaths = (
			);
			outputPaths = (
				"$(DERIVED_FILE_DIR)/Pods-SmartEducation-SmartEducationUITests-checkManifestLockResult.txt",
			);
			runOnlyForDeploymentPostprocessing = 0;
			shellPath = /bin/sh;
			shellScript = "diff \"${PODS_PODFILE_DIR_PATH}/Podfile.lock\" \"${PODS_ROOT}/Manifest.lock\" > /dev/null\nif [ $? != 0 ] ; then\n    # print error to STDERR\n    echo \"error: The sandbox is not in sync with the Podfile.lock. Run 'pod install' or update your CocoaPods installation.\" >&2\n    exit 1\nfi\n# This output is used by Xcode 'outputs' to avoid re-running this script phase.\necho \"SUCCESS\" > \"${SCRIPT_OUTPUT_FILE_0}\"\n";
			showEnvVarsInLog = 0;
		};
		EB520D16D4DA65B60DCF29E5 /* [CP] Check Pods Manifest.lock */ = {
			isa = PBXShellScriptBuildPhase;
			buildActionMask = 2147483647;
			files = (
			);
			inputFileListPaths = (
			);
			inputPaths = (
				"${PODS_PODFILE_DIR_PATH}/Podfile.lock",
				"${PODS_ROOT}/Manifest.lock",
			);
			name = "[CP] Check Pods Manifest.lock";
			outputFileListPaths = (
			);
			outputPaths = (
				"$(DERIVED_FILE_DIR)/Pods-SmartEducation-checkManifestLockResult.txt",
			);
			runOnlyForDeploymentPostprocessing = 0;
			shellPath = /bin/sh;
			shellScript = "diff \"${PODS_PODFILE_DIR_PATH}/Podfile.lock\" \"${PODS_ROOT}/Manifest.lock\" > /dev/null\nif [ $? != 0 ] ; then\n    # print error to STDERR\n    echo \"error: The sandbox is not in sync with the Podfile.lock. Run 'pod install' or update your CocoaPods installation.\" >&2\n    exit 1\nfi\n# This output is used by Xcode 'outputs' to avoid re-running this script phase.\necho \"SUCCESS\" > \"${SCRIPT_OUTPUT_FILE_0}\"\n";
			showEnvVarsInLog = 0;
		};
		FABDA9BA254B5D1600936B99 /* ShellScript */ = {
			isa = PBXShellScriptBuildPhase;
			buildActionMask = 2147483647;
			files = (
			);
			inputFileListPaths = (
			);
			inputPaths = (
			);
			outputFileListPaths = (
			);
			outputPaths = (
			);
			runOnlyForDeploymentPostprocessing = 0;
			shellPath = /bin/sh;
			shellScript = "${PODS_ROOT}/SwiftLint/swiftlint\n";
		};
/* End PBXShellScriptBuildPhase section */

/* Begin PBXSourcesBuildPhase section */
		FAE312B9253F21EA00CB73F8 /* Sources */ = {
			isa = PBXSourcesBuildPhase;
			buildActionMask = 2147483647;
			files = (
				FA904E9325AA57770028FDFB /* PageDialogService.swift in Sources */,
				FA73268F25643F5A003BD2B6 /* StringResources.swift in Sources */,
				FAA26C6025B1BE4300EC1C38 /* DiffType.swift in Sources */,
				FA235890255ADAFB00A627E1 /* VolumetricObjectSCNNode.swift in Sources */,
				FA1619602562DECB00B825E7 /* ChatMessageInputView.swift in Sources */,
				FA5218162555DD0E0012BAEE /* ConferenceViewController.swift in Sources */,
				FA2358612559B9D500A627E1 /* Colors.swift in Sources */,
				FAEE67A0255086E800CD16B9 /* Router.swift in Sources */,
				FACA546025587AA600ACB158 /* VolumetricModeViewModel.swift in Sources */,
				FA3CE2652594CD0300E843F5 /* RealmExtensions.swift in Sources */,
				FA904E8B25AA4D980028FDFB /* CacheHelper.swift in Sources */,
				FAA43D09256EF0BB0043467D /* UIApplicationExtensions.swift in Sources */,
				FA0919C22551B91F0097203E /* ScienceListItem.swift in Sources */,
				FA23586D2559D63800A627E1 /* VolumetricObject.swift in Sources */,
				FA7326852564198E003BD2B6 /* PulseAnimation.swift in Sources */,
				FA8F828825895EE4006CFF94 /* Repository.swift in Sources */,
				FA0919D22551BF480097203E /* SciencesViewModel.swift in Sources */,
				FABBD3AD254C33B500CE45C5 /* ApiConstants.swift in Sources */,
				FA0919C92551BF0F0097203E /* SciencesViewController.swift in Sources */,
				FA904E6F25AA3C520028FDFB /* LoginViewController.swift in Sources */,
				FA7326AA25646CF2003BD2B6 /* ChatViewController.swift in Sources */,
				FA8F827E25895BAD006CFF94 /* RepositoryProtocol.swift in Sources */,
				FA3CE25B2593749400E843F5 /* ContextMenuItem.swift in Sources */,
				FA52A19B254CBF310075DE9C /* ErrorHandler.swift in Sources */,
				FA904E8125AA4A1D0028FDFB /* CredantialsServiceProtocol.swift in Sources */,
				FA7F88D4258AA4C3005E7BC5 /* MessageDto.swift in Sources */,
				FA2358672559C70200A627E1 /* VolumetricObjectCollectionViewCell.swift in Sources */,
				FAEE67A52550872400CD16B9 /* NavigatedToAware.swift in Sources */,
				FAC35327255D6B5500F080EB /* ExtendedARSceneView.swift in Sources */,
				FA93460A2567020E00BC67E8 /* ChatMessageInputViewDelegate.swift in Sources */,
				FA8F828D258A5F16006CFF94 /* RealmResults.swift in Sources */,
				FA0919D72551BFC50097203E /* SpecificScienceViewModel.swift in Sources */,
				FAEE679B2550869D00CD16B9 /* DIContainerConfigurator.swift in Sources */,
				FAEE67AA2550874F00CD16B9 /* MVVMViewController.swift in Sources */,
				FA235895255B0B4A00A627E1 /* SceneNodeBuilder.swift in Sources */,
				FAA43D01256E99410043467D /* VideoNode.swift in Sources */,
				FA5286472552A0C100581987 /* StringExtensions.swift in Sources */,
				FA904E7C25AA46760028FDFB /* CredantialsService.swift in Sources */,
				FA0919A125517C5D0097203E /* FieldsOfScienceViewController.swift in Sources */,
				FA6FE48125686A9E00324753 /* GlobalStyles.swift in Sources */,
				FA904E7725AA3CB10028FDFB /* LoginViewModel.swift in Sources */,
				FA0919E12551C34D0097203E /* SpecificScienceViewController.swift in Sources */,
				FA904E9825AA57F80028FDFB /* PageDialogServiceProtocol.swift in Sources */,
				FA381E92256074CC0009B599 /* RotatableSCNNode.swift in Sources */,
				FACA545A25587A8500ACB158 /* VolumetricModeViewController.swift in Sources */,
				FAA26C6525B332E500EC1C38 /* UIButtonExtensions.swift in Sources */,
				FA3CE2602593B56000E843F5 /* PagingResult.swift in Sources */,
				FABBD3A5254C336500CE45C5 /* URLRequestBuilder.swift in Sources */,
				FA73268A256434D2003BD2B6 /* ChatService.swift in Sources */,
				FA52A196254CBA0A0075DE9C /* BaseApiService.swift in Sources */,
				FA52864C2552F59200581987 /* TableViewWithTItleViewController.swift in Sources */,
				FAE312C1253F21EA00CB73F8 /* AppDelegate.swift in Sources */,
				FA9DD901256F060E00760106 /* BaseViewController.swift in Sources */,
				FA512685255568D40082DBFF /* ImageRecognitionViewController.swift in Sources */,
				FA0919EA2551D7270097203E /* UIColorExtensions.swift in Sources */,
				FAFA0D31255EF8610018DD9A /* SolarSystem.swift in Sources */,
				FAD4F916259BC9B30001C172 /* Initializable.swift in Sources */,
				FA0919B82551B6230097203E /* NSObjectExtensions.swift in Sources */,
				FA1619702562F7AB00B825E7 /* MessageActionType.swift in Sources */,
				FA16197B2562FE7F00B825E7 /* VoiceRecognizionService.swift in Sources */,
				FA3CE26A2594CE2700E843F5 /* ChatServiceProtocol.swift in Sources */,
				FA904E8625AA4B2F0028FDFB /* AppUser.swift in Sources */,
				FA8F823F2587FA97006CFF94 /* Message.swift in Sources */,
				FA0919AF2551B5460097203E /* FieldOfScienceCollectionViewCell.swift in Sources */,
				FA1619802563120E00B825E7 /* SpeechSynthesizerService.swift in Sources */,
				FAD4F924259CDD380001C172 /* MessageKindExtensions.swift in Sources */,
				FA2358592559AD0C00A627E1 /* VolumetricItem.swift in Sources */,
				FA0919A825517CA20097203E /* FieldsOfScienceViewModel.swift in Sources */,
				FA7326B025646ECC003BD2B6 /* ChatViewModel.swift in Sources */,
				FA5286512552F94800581987 /* TableViewWithTitleViewModel.swift in Sources */,
				FA8F828325895DF3006CFF94 /* BaseEntity.swift in Sources */,
				FA8F823A2587FA74006CFF94 /* MessageSender.swift in Sources */,
				FA9346052566FE9800BC67E8 /* ImageRecognitionViewModel.swift in Sources */,
				FA2358782559F1A500A627E1 /* UIViewExtensions.swift in Sources */,
				FA52A1A0254CC23D0075DE9C /* ApiErrorLogger.swift in Sources */,
			);
			runOnlyForDeploymentPostprocessing = 0;
		};
		FAE312CF253F21EB00CB73F8 /* Sources */ = {
			isa = PBXSourcesBuildPhase;
			buildActionMask = 2147483647;
			files = (
				FAE312D8253F21EB00CB73F8 /* SmartEducationTests.swift in Sources */,
			);
			runOnlyForDeploymentPostprocessing = 0;
		};
		FAE312DA253F21EB00CB73F8 /* Sources */ = {
			isa = PBXSourcesBuildPhase;
			buildActionMask = 2147483647;
			files = (
				FAE312E3253F21EB00CB73F8 /* SmartEducationUITests.swift in Sources */,
			);
			runOnlyForDeploymentPostprocessing = 0;
		};
/* End PBXSourcesBuildPhase section */

/* Begin PBXTargetDependency section */
		FAE312D5253F21EB00CB73F8 /* PBXTargetDependency */ = {
			isa = PBXTargetDependency;
			target = FAE312BC253F21EA00CB73F8 /* SmartEducation */;
			targetProxy = FAE312D4253F21EB00CB73F8 /* PBXContainerItemProxy */;
		};
		FAE312E0253F21EB00CB73F8 /* PBXTargetDependency */ = {
			isa = PBXTargetDependency;
			target = FAE312BC253F21EA00CB73F8 /* SmartEducation */;
			targetProxy = FAE312DF253F21EB00CB73F8 /* PBXContainerItemProxy */;
		};
/* End PBXTargetDependency section */

/* Begin PBXVariantGroup section */
		FAE312CB253F21EB00CB73F8 /* LaunchScreen.storyboard */ = {
			isa = PBXVariantGroup;
			children = (
				FAE312CC253F21EB00CB73F8 /* Base */,
			);
			name = LaunchScreen.storyboard;
			sourceTree = "<group>";
		};
/* End PBXVariantGroup section */

/* Begin XCBuildConfiguration section */
		FAE312E5253F21EB00CB73F8 /* Debug */ = {
			isa = XCBuildConfiguration;
			buildSettings = {
				ALWAYS_EMBED_SWIFT_STANDARD_LIBRARIES = YES;
				ALWAYS_SEARCH_USER_PATHS = NO;
				CLANG_ANALYZER_NONNULL = YES;
				CLANG_ANALYZER_NUMBER_OBJECT_CONVERSION = YES_AGGRESSIVE;
				CLANG_CXX_LANGUAGE_STANDARD = "gnu++14";
				CLANG_CXX_LIBRARY = "libc++";
				CLANG_ENABLE_MODULES = YES;
				CLANG_ENABLE_OBJC_ARC = YES;
				CLANG_ENABLE_OBJC_WEAK = YES;
				CLANG_WARN_BLOCK_CAPTURE_AUTORELEASING = YES;
				CLANG_WARN_BOOL_CONVERSION = YES;
				CLANG_WARN_COMMA = YES;
				CLANG_WARN_CONSTANT_CONVERSION = YES;
				CLANG_WARN_DEPRECATED_OBJC_IMPLEMENTATIONS = YES;
				CLANG_WARN_DIRECT_OBJC_ISA_USAGE = YES_ERROR;
				CLANG_WARN_DOCUMENTATION_COMMENTS = YES;
				CLANG_WARN_EMPTY_BODY = YES;
				CLANG_WARN_ENUM_CONVERSION = YES;
				CLANG_WARN_INFINITE_RECURSION = YES;
				CLANG_WARN_INT_CONVERSION = YES;
				CLANG_WARN_NON_LITERAL_NULL_CONVERSION = YES;
				CLANG_WARN_OBJC_IMPLICIT_RETAIN_SELF = YES;
				CLANG_WARN_OBJC_LITERAL_CONVERSION = YES;
				CLANG_WARN_OBJC_ROOT_CLASS = YES_ERROR;
				CLANG_WARN_QUOTED_INCLUDE_IN_FRAMEWORK_HEADER = YES;
				CLANG_WARN_RANGE_LOOP_ANALYSIS = YES;
				CLANG_WARN_STRICT_PROTOTYPES = YES;
				CLANG_WARN_SUSPICIOUS_MOVE = YES;
				CLANG_WARN_UNGUARDED_AVAILABILITY = YES_AGGRESSIVE;
				CLANG_WARN_UNREACHABLE_CODE = YES;
				CLANG_WARN__DUPLICATE_METHOD_MATCH = YES;
				COPY_PHASE_STRIP = NO;
				DEBUG_INFORMATION_FORMAT = dwarf;
				ENABLE_BITCODE = NO;
				ENABLE_STRICT_OBJC_MSGSEND = YES;
				ENABLE_TESTABILITY = YES;
				GCC_C_LANGUAGE_STANDARD = gnu11;
				GCC_DYNAMIC_NO_PIC = NO;
				GCC_NO_COMMON_BLOCKS = YES;
				GCC_OPTIMIZATION_LEVEL = 0;
				GCC_PREPROCESSOR_DEFINITIONS = (
					"DEBUG=1",
					"$(inherited)",
				);
				GCC_WARN_64_TO_32_BIT_CONVERSION = YES;
				GCC_WARN_ABOUT_RETURN_TYPE = YES_ERROR;
				GCC_WARN_UNDECLARED_SELECTOR = YES;
				GCC_WARN_UNINITIALIZED_AUTOS = YES_AGGRESSIVE;
				GCC_WARN_UNUSED_FUNCTION = YES;
				GCC_WARN_UNUSED_VARIABLE = YES;
				IPHONEOS_DEPLOYMENT_TARGET = 13.0;
				MTL_ENABLE_DEBUG_INFO = INCLUDE_SOURCE;
				MTL_FAST_MATH = YES;
				ONLY_ACTIVE_ARCH = YES;
				SDKROOT = iphoneos;
				SWIFT_ACTIVE_COMPILATION_CONDITIONS = DEBUG;
				SWIFT_OPTIMIZATION_LEVEL = "-Onone";
				SWIFT_VERSION = "";
			};
			name = Debug;
		};
		FAE312E6253F21EB00CB73F8 /* Release */ = {
			isa = XCBuildConfiguration;
			buildSettings = {
				ALWAYS_EMBED_SWIFT_STANDARD_LIBRARIES = YES;
				ALWAYS_SEARCH_USER_PATHS = NO;
				CLANG_ANALYZER_NONNULL = YES;
				CLANG_ANALYZER_NUMBER_OBJECT_CONVERSION = YES_AGGRESSIVE;
				CLANG_CXX_LANGUAGE_STANDARD = "gnu++14";
				CLANG_CXX_LIBRARY = "libc++";
				CLANG_ENABLE_MODULES = YES;
				CLANG_ENABLE_OBJC_ARC = YES;
				CLANG_ENABLE_OBJC_WEAK = YES;
				CLANG_WARN_BLOCK_CAPTURE_AUTORELEASING = YES;
				CLANG_WARN_BOOL_CONVERSION = YES;
				CLANG_WARN_COMMA = YES;
				CLANG_WARN_CONSTANT_CONVERSION = YES;
				CLANG_WARN_DEPRECATED_OBJC_IMPLEMENTATIONS = YES;
				CLANG_WARN_DIRECT_OBJC_ISA_USAGE = YES_ERROR;
				CLANG_WARN_DOCUMENTATION_COMMENTS = YES;
				CLANG_WARN_EMPTY_BODY = YES;
				CLANG_WARN_ENUM_CONVERSION = YES;
				CLANG_WARN_INFINITE_RECURSION = YES;
				CLANG_WARN_INT_CONVERSION = YES;
				CLANG_WARN_NON_LITERAL_NULL_CONVERSION = YES;
				CLANG_WARN_OBJC_IMPLICIT_RETAIN_SELF = YES;
				CLANG_WARN_OBJC_LITERAL_CONVERSION = YES;
				CLANG_WARN_OBJC_ROOT_CLASS = YES_ERROR;
				CLANG_WARN_QUOTED_INCLUDE_IN_FRAMEWORK_HEADER = YES;
				CLANG_WARN_RANGE_LOOP_ANALYSIS = YES;
				CLANG_WARN_STRICT_PROTOTYPES = YES;
				CLANG_WARN_SUSPICIOUS_MOVE = YES;
				CLANG_WARN_UNGUARDED_AVAILABILITY = YES_AGGRESSIVE;
				CLANG_WARN_UNREACHABLE_CODE = YES;
				CLANG_WARN__DUPLICATE_METHOD_MATCH = YES;
				COPY_PHASE_STRIP = NO;
				DEBUG_INFORMATION_FORMAT = "dwarf-with-dsym";
				ENABLE_BITCODE = NO;
				ENABLE_NS_ASSERTIONS = NO;
				ENABLE_STRICT_OBJC_MSGSEND = YES;
				GCC_C_LANGUAGE_STANDARD = gnu11;
				GCC_NO_COMMON_BLOCKS = YES;
				GCC_WARN_64_TO_32_BIT_CONVERSION = YES;
				GCC_WARN_ABOUT_RETURN_TYPE = YES_ERROR;
				GCC_WARN_UNDECLARED_SELECTOR = YES;
				GCC_WARN_UNINITIALIZED_AUTOS = YES_AGGRESSIVE;
				GCC_WARN_UNUSED_FUNCTION = YES;
				GCC_WARN_UNUSED_VARIABLE = YES;
				IPHONEOS_DEPLOYMENT_TARGET = 13.0;
				MTL_ENABLE_DEBUG_INFO = NO;
				MTL_FAST_MATH = YES;
				SDKROOT = iphoneos;
				SWIFT_COMPILATION_MODE = wholemodule;
				SWIFT_OPTIMIZATION_LEVEL = "-O";
				SWIFT_VERSION = "";
				VALIDATE_PRODUCT = YES;
			};
			name = Release;
		};
		FAE312E8253F21EB00CB73F8 /* Debug */ = {
			isa = XCBuildConfiguration;
			baseConfigurationReference = 4FEB7118D1870D7F03663CFD /* Pods-SmartEducation.debug.xcconfig */;
			buildSettings = {
				ASSETCATALOG_COMPILER_GLOBAL_ACCENT_COLOR_NAME = AccentColor;
				CODE_SIGN_STYLE = Automatic;
				DEVELOPMENT_TEAM = KR6V794JNC;
				INFOPLIST_FILE = SmartEducation/Info.plist;
				LD_RUNPATH_SEARCH_PATHS = (
					"$(inherited)",
					"@executable_path/Frameworks",
				);
				PRODUCT_BUNDLE_IDENTIFIER = co.awtg.SmartEducation;
				PRODUCT_NAME = "$(TARGET_NAME)";
				SWIFT_VERSION = 5.0;
				TARGETED_DEVICE_FAMILY = "1,2";
			};
			name = Debug;
		};
		FAE312E9253F21EB00CB73F8 /* Release */ = {
			isa = XCBuildConfiguration;
			baseConfigurationReference = 2C9DC74B013389E9DD052916 /* Pods-SmartEducation.release.xcconfig */;
			buildSettings = {
				ASSETCATALOG_COMPILER_GLOBAL_ACCENT_COLOR_NAME = AccentColor;
				CODE_SIGN_STYLE = Automatic;
				DEVELOPMENT_TEAM = KR6V794JNC;
				INFOPLIST_FILE = SmartEducation/Info.plist;
				LD_RUNPATH_SEARCH_PATHS = (
					"$(inherited)",
					"@executable_path/Frameworks",
				);
				PRODUCT_BUNDLE_IDENTIFIER = co.awtg.SmartEducation;
				PRODUCT_NAME = "$(TARGET_NAME)";
				SWIFT_VERSION = 5.0;
				TARGETED_DEVICE_FAMILY = "1,2";
			};
			name = Release;
		};
		FAE312EB253F21EB00CB73F8 /* Debug */ = {
			isa = XCBuildConfiguration;
			baseConfigurationReference = 67357D8DD3E1496183DB499B /* Pods-SmartEducationTests.debug.xcconfig */;
			buildSettings = {
				ALWAYS_EMBED_SWIFT_STANDARD_LIBRARIES = YES;
				BUNDLE_LOADER = "$(TEST_HOST)";
				CODE_SIGN_STYLE = Automatic;
				DEVELOPMENT_TEAM = KR6V794JNC;
				INFOPLIST_FILE = SmartEducationTests/Info.plist;
				IPHONEOS_DEPLOYMENT_TARGET = 14.1;
				LD_RUNPATH_SEARCH_PATHS = (
					"$(inherited)",
					"@executable_path/Frameworks",
					"@loader_path/Frameworks",
				);
				PRODUCT_BUNDLE_IDENTIFIER = co.awtg.SmartEducationTests;
				PRODUCT_NAME = "$(TARGET_NAME)";
				SWIFT_VERSION = 5.0;
				TARGETED_DEVICE_FAMILY = "1,2";
				TEST_HOST = "$(BUILT_PRODUCTS_DIR)/SmartEducation.app/SmartEducation";
			};
			name = Debug;
		};
		FAE312EC253F21EB00CB73F8 /* Release */ = {
			isa = XCBuildConfiguration;
			baseConfigurationReference = 983A730802E6226166BF0850 /* Pods-SmartEducationTests.release.xcconfig */;
			buildSettings = {
				ALWAYS_EMBED_SWIFT_STANDARD_LIBRARIES = YES;
				BUNDLE_LOADER = "$(TEST_HOST)";
				CODE_SIGN_STYLE = Automatic;
				DEVELOPMENT_TEAM = KR6V794JNC;
				INFOPLIST_FILE = SmartEducationTests/Info.plist;
				IPHONEOS_DEPLOYMENT_TARGET = 14.1;
				LD_RUNPATH_SEARCH_PATHS = (
					"$(inherited)",
					"@executable_path/Frameworks",
					"@loader_path/Frameworks",
				);
				PRODUCT_BUNDLE_IDENTIFIER = co.awtg.SmartEducationTests;
				PRODUCT_NAME = "$(TARGET_NAME)";
				SWIFT_VERSION = 5.0;
				TARGETED_DEVICE_FAMILY = "1,2";
				TEST_HOST = "$(BUILT_PRODUCTS_DIR)/SmartEducation.app/SmartEducation";
			};
			name = Release;
		};
		FAE312EE253F21EB00CB73F8 /* Debug */ = {
			isa = XCBuildConfiguration;
			baseConfigurationReference = F98A32ED199FF2C18670CB87 /* Pods-SmartEducation-SmartEducationUITests.debug.xcconfig */;
			buildSettings = {
				ALWAYS_EMBED_SWIFT_STANDARD_LIBRARIES = YES;
				CODE_SIGN_STYLE = Automatic;
				DEVELOPMENT_TEAM = KR6V794JNC;
				INFOPLIST_FILE = SmartEducationUITests/Info.plist;
				LD_RUNPATH_SEARCH_PATHS = (
					"$(inherited)",
					"@executable_path/Frameworks",
					"@loader_path/Frameworks",
				);
				PRODUCT_BUNDLE_IDENTIFIER = co.awtg.SmartEducationUITests;
				PRODUCT_NAME = "$(TARGET_NAME)";
				SWIFT_VERSION = 5.0;
				TARGETED_DEVICE_FAMILY = "1,2";
				TEST_TARGET_NAME = SmartEducation;
			};
			name = Debug;
		};
		FAE312EF253F21EB00CB73F8 /* Release */ = {
			isa = XCBuildConfiguration;
			baseConfigurationReference = 9A5F12F63CD58BE9F9BB50C9 /* Pods-SmartEducation-SmartEducationUITests.release.xcconfig */;
			buildSettings = {
				ALWAYS_EMBED_SWIFT_STANDARD_LIBRARIES = YES;
				CODE_SIGN_STYLE = Automatic;
				DEVELOPMENT_TEAM = KR6V794JNC;
				INFOPLIST_FILE = SmartEducationUITests/Info.plist;
				LD_RUNPATH_SEARCH_PATHS = (
					"$(inherited)",
					"@executable_path/Frameworks",
					"@loader_path/Frameworks",
				);
				PRODUCT_BUNDLE_IDENTIFIER = co.awtg.SmartEducationUITests;
				PRODUCT_NAME = "$(TARGET_NAME)";
				SWIFT_VERSION = 5.0;
				TARGETED_DEVICE_FAMILY = "1,2";
				TEST_TARGET_NAME = SmartEducation;
			};
			name = Release;
		};
/* End XCBuildConfiguration section */

/* Begin XCConfigurationList section */
		FAE312B8253F21EA00CB73F8 /* Build configuration list for PBXProject "SmartEducation" */ = {
			isa = XCConfigurationList;
			buildConfigurations = (
				FAE312E5253F21EB00CB73F8 /* Debug */,
				FAE312E6253F21EB00CB73F8 /* Release */,
			);
			defaultConfigurationIsVisible = 0;
			defaultConfigurationName = Release;
		};
		FAE312E7253F21EB00CB73F8 /* Build configuration list for PBXNativeTarget "SmartEducation" */ = {
			isa = XCConfigurationList;
			buildConfigurations = (
				FAE312E8253F21EB00CB73F8 /* Debug */,
				FAE312E9253F21EB00CB73F8 /* Release */,
			);
			defaultConfigurationIsVisible = 0;
			defaultConfigurationName = Release;
		};
		FAE312EA253F21EB00CB73F8 /* Build configuration list for PBXNativeTarget "SmartEducationTests" */ = {
			isa = XCConfigurationList;
			buildConfigurations = (
				FAE312EB253F21EB00CB73F8 /* Debug */,
				FAE312EC253F21EB00CB73F8 /* Release */,
			);
			defaultConfigurationIsVisible = 0;
			defaultConfigurationName = Release;
		};
		FAE312ED253F21EB00CB73F8 /* Build configuration list for PBXNativeTarget "SmartEducationUITests" */ = {
			isa = XCConfigurationList;
			buildConfigurations = (
				FAE312EE253F21EB00CB73F8 /* Debug */,
				FAE312EF253F21EB00CB73F8 /* Release */,
			);
			defaultConfigurationIsVisible = 0;
			defaultConfigurationName = Release;
		};
/* End XCConfigurationList section */
	};
	rootObject = FAE312B5253F21EA00CB73F8 /* Project object */;
}
